
Microsoft Visual Studio Solution File, Format Version 12.00
# Visual Studio 2012
Project("{FAE04EC0-301F-11D3-BF4B-00C04F79EFBC}") = "Twavatar", "Twavatar\Twavatar.csproj", "{F5A62A67-859B-4992-9BA1-0F5E46F1AD15}"
EndProject
Project("{FAE04EC0-301F-11D3-BF4B-00C04F79EFBC}") = "Twavatar.Tests", "Twavatar.Tests\Twavatar.Tests.csproj", "{247B88BE-8017-4688-BB81-A339E99DB382}"
EndProject
Project("{FAE04EC0-301F-11D3-BF4B-00C04F79EFBC}") = "DemoSite", "DemoSite\DemoSite.csproj", "{F35BFCFD-6F8E-4901-A3FA-EC368C73C69F}"
EndProject
Global
	GlobalSection(TestCaseManagementSettings) = postSolution
		CategoryFile = Twavatar.vsmdi
	EndGlobalSection
	GlobalSection(SolutionConfigurationPlatforms) = preSolution
		Debug|Any CPU = Debug|Any CPU
		Release|Any CPU = Release|Any CPU
	EndGlobalSection
	GlobalSection(ProjectConfigurationPlatforms) = postSolution
		{F5A62A67-859B-4992-9BA1-0F5E46F1AD15}.Debug|Any CPU.ActiveCfg = Debug|Any CPU
		{F5A62A67-859B-4992-9BA1-0F5E46F1AD15}.Debug|Any CPU.Build.0 = Debug|Any CPU
		{F5A62A67-859B-4992-9BA1-0F5E46F1AD15}.Release|Any CPU.ActiveCfg = Release|Any CPU
		{F5A62A67-859B-4992-9BA1-0F5E46F1AD15}.Release|Any CPU.Build.0 = Release|Any CPU
		{247B88BE-8017-4688-BB81-A339E99DB382}.Debug|Any CPU.ActiveCfg = Debug|Any CPU
		{247B88BE-8017-4688-BB81-A339E99DB382}.Debug|Any CPU.Build.0 = Debug|Any CPU
		{247B88BE-8017-4688-BB81-A339E99DB382}.Release|Any CPU.ActiveCfg = Release|Any CPU
		{247B88BE-8017-4688-BB81-A339E99DB382}.Release|Any CPU.Build.0 = Release|Any CPU
		{F35BFCFD-6F8E-4901-A3FA-EC368C73C69F}.Debug|Any CPU.ActiveCfg = Debug|Any CPU
		{F35BFCFD-6F8E-4901-A3FA-EC368C73C69F}.Debug|Any CPU.Build.0 = Debug|Any CPU
		{F35BFCFD-6F8E-4901-A3FA-EC368C73C69F}.Release|Any CPU.ActiveCfg = Release|Any CPU
		{F35BFCFD-6F8E-4901-A3FA-EC368C73C69F}.Release|Any CPU.Build.0 = Release|Any CPU
	EndGlobalSection
	GlobalSection(SolutionProperties) = preSolution
		HideSolutionNode = FALSE
	EndGlobalSection
EndGlobal
